
Microsoft Visual Studio Solution File, Format Version 12.00
# Visual Studio Version 17
VisualStudioVersion = 17.5.33516.290
MinimumVisualStudioVersion = 10.0.40219.1
Project("{FAE04EC0-301F-11D3-BF4B-00C04F79EFBC}") = "QuestionBulkUpload", "QuestionBulkUpload\QuestionBulkUpload.csproj", "{F4721222-BE6F-4D15-B95C-BA6A0B9EFF22}"
EndProject
Global
	GlobalSection(SolutionConfigurationPlatforms) = preSolution
		Debug|Any CPU = Debug|Any CPU
		Release|Any CPU = Release|Any CPU
	EndGlobalSection
	GlobalSection(ProjectConfigurationPlatforms) = postSolution
		{F4721222-BE6F-4D15-B95C-BA6A0B9EFF22}.Debug|Any CPU.ActiveCfg = Debug|Any CPU
		{F4721222-BE6F-4D15-B95C-BA6A0B9EFF22}.Debug|Any CPU.Build.0 = Debug|Any CPU
		{F4721222-BE6F-4D15-B95C-BA6A0B9EFF22}.Release|Any CPU.ActiveCfg = Release|Any CPU
		{F4721222-BE6F-4D15-B95C-BA6A0B9EFF22}.Release|Any CPU.Build.0 = Release|Any CPU
	EndGlobalSection
	GlobalSection(SolutionProperties) = preSolution
		HideSolutionNode = FALSE
	EndGlobalSection
	GlobalSection(ExtensibilityGlobals) = postSolution
		SolutionGuid = {41EC963C-D834-4DB8-AD58-C9D46120AE87}
	EndGlobalSection
EndGlobal
